// !$*UTF8*$!
{
	archiveVersion = 1;
	classes = {
	};
	objectVersion = 51;
	objects = {

/* Begin PBXBuildFile section */
		AA2A4948268CC92B00189154 /* Color+Extension.swift in Sources */ = {isa = PBXBuildFile; fileRef = AA2A4947268CC92A00189154 /* Color+Extension.swift */; };
		AA2A494A268CC97400189154 /* Enumerations.swift in Sources */ = {isa = PBXBuildFile; fileRef = AA2A4949268CC97400189154 /* Enumerations.swift */; };
		AA8E91A1269303070093E989 /* SSSwiftUISpinnerButtonDemoApp.swift in Sources */ = {isa = PBXBuildFile; fileRef = AA8E91A0269303070093E989 /* SSSwiftUISpinnerButtonDemoApp.swift */; };
		C2FE74BB25D6DABF005B5998 /* ContentView.swift in Sources */ = {isa = PBXBuildFile; fileRef = C2FE74BA25D6DABF005B5998 /* ContentView.swift */; };
		C2FE74BD25D6DAC0005B5998 /* Assets.xcassets in Resources */ = {isa = PBXBuildFile; fileRef = C2FE74BC25D6DAC0005B5998 /* Assets.xcassets */; };
		C2FE74C025D6DAC0005B5998 /* Preview Assets.xcassets in Resources */ = {isa = PBXBuildFile; fileRef = C2FE74BF25D6DAC0005B5998 /* Preview Assets.xcassets */; };
		E53D394C6CD8637BBDFC71C4 /* Pods_SSSwiftUISpinnerButtonDemo.framework in Frameworks */ = {isa = PBXBuildFile; fileRef = B8036AA54AAEF9380BCCDB59 /* Pods_SSSwiftUISpinnerButtonDemo.framework */; };
/* End PBXBuildFile section */

/* Begin PBXCopyFilesBuildPhase section */
		AAB82F19268B36A200C8FF49 /* Embed Frameworks */ = {
			isa = PBXCopyFilesBuildPhase;
			buildActionMask = 2147483647;
			dstPath = "";
			dstSubfolderSpec = 10;
			files = (
			);
			name = "Embed Frameworks";
			runOnlyForDeploymentPostprocessing = 0;
		};
/* End PBXCopyFilesBuildPhase section */

/* Begin PBXFileReference section */
		2263A54CD7E10CBF240C46E8 /* Pods-SSSwiftUISpinnerButton.debug.xcconfig */ = {isa = PBXFileReference; includeInIndex = 1; lastKnownFileType = text.xcconfig; name = "Pods-SSSwiftUISpinnerButton.debug.xcconfig"; path = "Target Support Files/Pods-SSSwiftUISpinnerButton/Pods-SSSwiftUISpinnerButton.debug.xcconfig"; sourceTree = "<group>"; };
		65FD2CE938DA0A8244B162DB /* Pods-SSSwiftUISpinnerButtonDemo.debug.xcconfig */ = {isa = PBXFileReference; includeInIndex = 1; lastKnownFileType = text.xcconfig; name = "Pods-SSSwiftUISpinnerButtonDemo.debug.xcconfig"; path = "Target Support Files/Pods-SSSwiftUISpinnerButtonDemo/Pods-SSSwiftUISpinnerButtonDemo.debug.xcconfig"; sourceTree = "<group>"; };
		739DFA407AD72206B563D10E /* Pods-SSSwiftUISpinnerButtonDemo.release.xcconfig */ = {isa = PBXFileReference; includeInIndex = 1; lastKnownFileType = text.xcconfig; name = "Pods-SSSwiftUISpinnerButtonDemo.release.xcconfig"; path = "Target Support Files/Pods-SSSwiftUISpinnerButtonDemo/Pods-SSSwiftUISpinnerButtonDemo.release.xcconfig"; sourceTree = "<group>"; };
		AA2A4947268CC92A00189154 /* Color+Extension.swift */ = {isa = PBXFileReference; lastKnownFileType = sourcecode.swift; path = "Color+Extension.swift"; sourceTree = "<group>"; };
		AA2A4949268CC97400189154 /* Enumerations.swift */ = {isa = PBXFileReference; lastKnownFileType = sourcecode.swift; path = Enumerations.swift; sourceTree = "<group>"; };
		AA8E91A0269303070093E989 /* SSSwiftUISpinnerButtonDemoApp.swift */ = {isa = PBXFileReference; fileEncoding = 4; lastKnownFileType = sourcecode.swift; path = SSSwiftUISpinnerButtonDemoApp.swift; sourceTree = "<group>"; };
		B8036AA54AAEF9380BCCDB59 /* Pods_SSSwiftUISpinnerButtonDemo.framework */ = {isa = PBXFileReference; explicitFileType = wrapper.framework; includeInIndex = 0; path = Pods_SSSwiftUISpinnerButtonDemo.framework; sourceTree = BUILT_PRODUCTS_DIR; };
		BD949CFBFFC125D068BB1D1E /* Pods-SSSwiftUISpinnerButton.release.xcconfig */ = {isa = PBXFileReference; includeInIndex = 1; lastKnownFileType = text.xcconfig; name = "Pods-SSSwiftUISpinnerButton.release.xcconfig"; path = "Target Support Files/Pods-SSSwiftUISpinnerButton/Pods-SSSwiftUISpinnerButton.release.xcconfig"; sourceTree = "<group>"; };
		C2FE74B525D6DABF005B5998 /* SSSwiftUISpinnerButtonDemo.app */ = {isa = PBXFileReference; explicitFileType = wrapper.application; includeInIndex = 0; path = SSSwiftUISpinnerButtonDemo.app; sourceTree = BUILT_PRODUCTS_DIR; };
		C2FE74BA25D6DABF005B5998 /* ContentView.swift */ = {isa = PBXFileReference; lastKnownFileType = sourcecode.swift; path = ContentView.swift; sourceTree = "<group>"; };
		C2FE74BC25D6DAC0005B5998 /* Assets.xcassets */ = {isa = PBXFileReference; lastKnownFileType = folder.assetcatalog; path = Assets.xcassets; sourceTree = "<group>"; };
		C2FE74BF25D6DAC0005B5998 /* Preview Assets.xcassets */ = {isa = PBXFileReference; lastKnownFileType = folder.assetcatalog; path = "Preview Assets.xcassets"; sourceTree = "<group>"; };
		C2FE74C125D6DAC0005B5998 /* Info.plist */ = {isa = PBXFileReference; lastKnownFileType = text.plist.xml; path = Info.plist; sourceTree = "<group>"; };
/* End PBXFileReference section */

/* Begin PBXFrameworksBuildPhase section */
		C2FE74B225D6DABF005B5998 /* Frameworks */ = {
			isa = PBXFrameworksBuildPhase;
			buildActionMask = 2147483647;
			files = (
				E53D394C6CD8637BBDFC71C4 /* Pods_SSSwiftUISpinnerButtonDemo.framework in Frameworks */,
			);
			runOnlyForDeploymentPostprocessing = 0;
		};
/* End PBXFrameworksBuildPhase section */

/* Begin PBXGroup section */
		12E81EB5142C31A175468F08 /* Pods */ = {
			isa = PBXGroup;
			children = (
				2263A54CD7E10CBF240C46E8 /* Pods-SSSwiftUISpinnerButton.debug.xcconfig */,
				BD949CFBFFC125D068BB1D1E /* Pods-SSSwiftUISpinnerButton.release.xcconfig */,
				65FD2CE938DA0A8244B162DB /* Pods-SSSwiftUISpinnerButtonDemo.debug.xcconfig */,
				739DFA407AD72206B563D10E /* Pods-SSSwiftUISpinnerButtonDemo.release.xcconfig */,
			);
			path = Pods;
			sourceTree = "<group>";
		};
		AA2A494B268CC97C00189154 /* HelperClass */ = {
			isa = PBXGroup;
			children = (
				AA2A4947268CC92A00189154 /* Color+Extension.swift */,
				AA2A4949268CC97400189154 /* Enumerations.swift */,
			);
			path = HelperClass;
			sourceTree = "<group>";
		};
		B1E6CB95185E5528C39E2A54 /* Frameworks */ = {
			isa = PBXGroup;
			children = (
				B8036AA54AAEF9380BCCDB59 /* Pods_SSSwiftUISpinnerButtonDemo.framework */,
			);
			name = Frameworks;
			sourceTree = "<group>";
		};
		C2FE74AC25D6DABF005B5998 = {
			isa = PBXGroup;
			children = (
				C2FE74B725D6DABF005B5998 /* SSSwiftUISpinnerButtonDemo */,
				C2FE74B625D6DABF005B5998 /* Products */,
				12E81EB5142C31A175468F08 /* Pods */,
				B1E6CB95185E5528C39E2A54 /* Frameworks */,
			);
			sourceTree = "<group>";
		};
		C2FE74B625D6DABF005B5998 /* Products */ = {
			isa = PBXGroup;
			children = (
				C2FE74B525D6DABF005B5998 /* SSSwiftUISpinnerButtonDemo.app */,
			);
			name = Products;
			sourceTree = "<group>";
		};
		C2FE74B725D6DABF005B5998 /* SSSwiftUISpinnerButtonDemo */ = {
			isa = PBXGroup;
			children = (
				AA2A494B268CC97C00189154 /* HelperClass */,
				C2FE74BA25D6DABF005B5998 /* ContentView.swift */,
				AA8E91A0269303070093E989 /* SSSwiftUISpinnerButtonDemoApp.swift */,
				C2FE74BC25D6DAC0005B5998 /* Assets.xcassets */,
				C2FE74C125D6DAC0005B5998 /* Info.plist */,
				C2FE74BE25D6DAC0005B5998 /* Preview Content */,
			);
			path = SSSwiftUISpinnerButtonDemo;
			sourceTree = "<group>";
		};
		C2FE74BE25D6DAC0005B5998 /* Preview Content */ = {
			isa = PBXGroup;
			children = (
				C2FE74BF25D6DAC0005B5998 /* Preview Assets.xcassets */,
			);
			path = "Preview Content";
			sourceTree = "<group>";
		};
/* End PBXGroup section */

/* Begin PBXNativeTarget section */
		C2FE74B425D6DABF005B5998 /* SSSwiftUISpinnerButtonDemo */ = {
			isa = PBXNativeTarget;
			buildConfigurationList = C2FE74C425D6DAC0005B5998 /* Build configuration list for PBXNativeTarget "SSSwiftUISpinnerButtonDemo" */;
			buildPhases = (
				92918E7A2C8CB80D136B028D /* [CP] Check Pods Manifest.lock */,
				C2FE74B125D6DABF005B5998 /* Sources */,
				C2FE74B225D6DABF005B5998 /* Frameworks */,
				C2FE74B325D6DABF005B5998 /* Resources */,
				AAB82F19268B36A200C8FF49 /* Embed Frameworks */,
				B548ABCBFF48BBE0BDC65C30 /* [CP] Embed Pods Frameworks */,
			);
			buildRules = (
			);
			dependencies = (
			);
			name = SSSwiftUISpinnerButtonDemo;
			productName = SSSwiftUISpinnerButton;
			productReference = C2FE74B525D6DABF005B5998 /* SSSwiftUISpinnerButtonDemo.app */;
			productType = "com.apple.product-type.application";
		};
/* End PBXNativeTarget section */

/* Begin PBXProject section */
		C2FE74AD25D6DABF005B5998 /* Project object */ = {
			isa = PBXProject;
			attributes = {
				LastSwiftUpdateCheck = 1220;
				LastUpgradeCheck = 1220;
				TargetAttributes = {
					C2FE74B425D6DABF005B5998 = {
						CreatedOnToolsVersion = 12.2;
					};
				};
			};
			buildConfigurationList = C2FE74B025D6DABF005B5998 /* Build configuration list for PBXProject "SSSwiftUISpinnerButtonDemo" */;
			compatibilityVersion = "Xcode 9.3";
			developmentRegion = en;
			hasScannedForEncodings = 0;
			knownRegions = (
				en,
				Base,
			);
			mainGroup = C2FE74AC25D6DABF005B5998;
			productRefGroup = C2FE74B625D6DABF005B5998 /* Products */;
			projectDirPath = "";
			projectRoot = "";
			targets = (
				C2FE74B425D6DABF005B5998 /* SSSwiftUISpinnerButtonDemo */,
			);
		};
/* End PBXProject section */

/* Begin PBXResourcesBuildPhase section */
		C2FE74B325D6DABF005B5998 /* Resources */ = {
			isa = PBXResourcesBuildPhase;
			buildActionMask = 2147483647;
			files = (
				C2FE74C025D6DAC0005B5998 /* Preview Assets.xcassets in Resources */,
				C2FE74BD25D6DAC0005B5998 /* Assets.xcassets in Resources */,
			);
			runOnlyForDeploymentPostprocessing = 0;
		};
/* End PBXResourcesBuildPhase section */

/* Begin PBXShellScriptBuildPhase section */
		92918E7A2C8CB80D136B028D /* [CP] Check Pods Manifest.lock */ = {
			isa = PBXShellScriptBuildPhase;
			buildActionMask = 2147483647;
			files = (
			);
			inputFileListPaths = (
			);
			inputPaths = (
				"${PODS_PODFILE_DIR_PATH}/Podfile.lock",
				"${PODS_ROOT}/Manifest.lock",
			);
			name = "[CP] Check Pods Manifest.lock";
			outputFileListPaths = (
			);
			outputPaths = (
				"$(DERIVED_FILE_DIR)/Pods-SSSwiftUISpinnerButtonDemo-checkManifestLockResult.txt",
			);
			runOnlyForDeploymentPostprocessing = 0;
			shellPath = /bin/sh;
			shellScript = "diff \"${PODS_PODFILE_DIR_PATH}/Podfile.lock\" \"${PODS_ROOT}/Manifest.lock\" > /dev/null\nif [ $? != 0 ] ; then\n    # print error to STDERR\n    echo \"error: The sandbox is not in sync with the Podfile.lock. Run 'pod install' or update your CocoaPods installation.\" >&2\n    exit 1\nfi\n# This output is used by Xcode 'outputs' to avoid re-running this script phase.\necho \"SUCCESS\" > \"${SCRIPT_OUTPUT_FILE_0}\"\n";
			showEnvVarsInLog = 0;
		};
		B548ABCBFF48BBE0BDC65C30 /* [CP] Embed Pods Frameworks */ = {
			isa = PBXShellScriptBuildPhase;
			buildActionMask = 2147483647;
			files = (
			);
			inputFileListPaths = (
				"${PODS_ROOT}/Target Support Files/Pods-SSSwiftUISpinnerButtonDemo/Pods-SSSwiftUISpinnerButtonDemo-frameworks-${CONFIGURATION}-input-files.xcfilelist",
			);
			name = "[CP] Embed Pods Frameworks";
			outputFileListPaths = (
				"${PODS_ROOT}/Target Support Files/Pods-SSSwiftUISpinnerButtonDemo/Pods-SSSwiftUISpinnerButtonDemo-frameworks-${CONFIGURATION}-output-files.xcfilelist",
			);
			runOnlyForDeploymentPostprocessing = 0;
			shellPath = /bin/sh;
			shellScript = "\"${PODS_ROOT}/Target Support Files/Pods-SSSwiftUISpinnerButtonDemo/Pods-SSSwiftUISpinnerButtonDemo-frameworks.sh\"\n";
			showEnvVarsInLog = 0;
		};
/* End PBXShellScriptBuildPhase section */

/* Begin PBXSourcesBuildPhase section */
		C2FE74B125D6DABF005B5998 /* Sources */ = {
			isa = PBXSourcesBuildPhase;
			buildActionMask = 2147483647;
			files = (
				AA2A4948268CC92B00189154 /* Color+Extension.swift in Sources */,
				C2FE74BB25D6DABF005B5998 /* ContentView.swift in Sources */,
				AA2A494A268CC97400189154 /* Enumerations.swift in Sources */,
				AA8E91A1269303070093E989 /* SSSwiftUISpinnerButtonDemoApp.swift in Sources */,
			);
			runOnlyForDeploymentPostprocessing = 0;
		};
/* End PBXSourcesBuildPhase section */

/* Begin XCBuildConfiguration section */
		C2FE74C225D6DAC0005B5998 /* Debug */ = {
			isa = XCBuildConfiguration;
			buildSettings = {
				ALWAYS_SEARCH_USER_PATHS = NO;
				CLANG_ANALYZER_NONNULL = YES;
				CLANG_ANALYZER_NUMBER_OBJECT_CONVERSION = YES_AGGRESSIVE;
				CLANG_CXX_LANGUAGE_STANDARD = "gnu++14";
				CLANG_CXX_LIBRARY = "libc++";
				CLANG_ENABLE_MODULES = YES;
				CLANG_ENABLE_OBJC_ARC = YES;
				CLANG_ENABLE_OBJC_WEAK = YES;
				CLANG_WARN_BLOCK_CAPTURE_AUTORELEASING = YES;
				CLANG_WARN_BOOL_CONVERSION = YES;
				CLANG_WARN_COMMA = YES;
				CLANG_WARN_CONSTANT_CONVERSION = YES;
				CLANG_WARN_DEPRECATED_OBJC_IMPLEMENTATIONS = YES;
				CLANG_WARN_DIRECT_OBJC_ISA_USAGE = YES_ERROR;
				CLANG_WARN_DOCUMENTATION_COMMENTS = YES;
				CLANG_WARN_EMPTY_BODY = YES;
				CLANG_WARN_ENUM_CONVERSION = YES;
				CLANG_WARN_INFINITE_RECURSION = YES;
				CLANG_WARN_INT_CONVERSION = YES;
				CLANG_WARN_NON_LITERAL_NULL_CONVERSION = YES;
				CLANG_WARN_OBJC_IMPLICIT_RETAIN_SELF = YES;
				CLANG_WARN_OBJC_LITERAL_CONVERSION = YES;
				CLANG_WARN_OBJC_ROOT_CLASS = YES_ERROR;
				CLANG_WARN_QUOTED_INCLUDE_IN_FRAMEWORK_HEADER = YES;
				CLANG_WARN_RANGE_LOOP_ANALYSIS = YES;
				CLANG_WARN_STRICT_PROTOTYPES = YES;
				CLANG_WARN_SUSPICIOUS_MOVE = YES;
				CLANG_WARN_UNGUARDED_AVAILABILITY = YES_AGGRESSIVE;
				CLANG_WARN_UNREACHABLE_CODE = YES;
				CLANG_WARN__DUPLICATE_METHOD_MATCH = YES;
				COPY_PHASE_STRIP = NO;
				DEBUG_INFORMATION_FORMAT = dwarf;
				ENABLE_STRICT_OBJC_MSGSEND = YES;
				ENABLE_TESTABILITY = YES;
				GCC_C_LANGUAGE_STANDARD = gnu11;
				GCC_DYNAMIC_NO_PIC = NO;
				GCC_NO_COMMON_BLOCKS = YES;
				GCC_OPTIMIZATION_LEVEL = 0;
				GCC_PREPROCESSOR_DEFINITIONS = (
					"DEBUG=1",
					"$(inherited)",
				);
				GCC_WARN_64_TO_32_BIT_CONVERSION = YES;
				GCC_WARN_ABOUT_RETURN_TYPE = YES_ERROR;
				GCC_WARN_UNDECLARED_SELECTOR = YES;
				GCC_WARN_UNINITIALIZED_AUTOS = YES_AGGRESSIVE;
				GCC_WARN_UNUSED_FUNCTION = YES;
				GCC_WARN_UNUSED_VARIABLE = YES;
				IPHONEOS_DEPLOYMENT_TARGET = 14.2;
				MTL_ENABLE_DEBUG_INFO = INCLUDE_SOURCE;
				MTL_FAST_MATH = YES;
				ONLY_ACTIVE_ARCH = YES;
				SDKROOT = iphoneos;
				SWIFT_ACTIVE_COMPILATION_CONDITIONS = DEBUG;
				SWIFT_OPTIMIZATION_LEVEL = "-Onone";
			};
			name = Debug;
		};
		C2FE74C325D6DAC0005B5998 /* Release */ = {
			isa = XCBuildConfiguration;
			buildSettings = {
				ALWAYS_SEARCH_USER_PATHS = NO;
				CLANG_ANALYZER_NONNULL = YES;
				CLANG_ANALYZER_NUMBER_OBJECT_CONVERSION = YES_AGGRESSIVE;
				CLANG_CXX_LANGUAGE_STANDARD = "gnu++14";
				CLANG_CXX_LIBRARY = "libc++";
				CLANG_ENABLE_MODULES = YES;
				CLANG_ENABLE_OBJC_ARC = YES;
				CLANG_ENABLE_OBJC_WEAK = YES;
				CLANG_WARN_BLOCK_CAPTURE_AUTORELEASING = YES;
				CLANG_WARN_BOOL_CONVERSION = YES;
				CLANG_WARN_COMMA = YES;
				CLANG_WARN_CONSTANT_CONVERSION = YES;
				CLANG_WARN_DEPRECATED_OBJC_IMPLEMENTATIONS = YES;
				CLANG_WARN_DIRECT_OBJC_ISA_USAGE = YES_ERROR;
				CLANG_WARN_DOCUMENTATION_COMMENTS = YES;
				CLANG_WARN_EMPTY_BODY = YES;
				CLANG_WARN_ENUM_CONVERSION = YES;
				CLANG_WARN_INFINITE_RECURSION = YES;
				CLANG_WARN_INT_CONVERSION = YES;
				CLANG_WARN_NON_LITERAL_NULL_CONVERSION = YES;
				CLANG_WARN_OBJC_IMPLICIT_RETAIN_SELF = YES;
				CLANG_WARN_OBJC_LITERAL_CONVERSION = YES;
				CLANG_WARN_OBJC_ROOT_CLASS = YES_ERROR;
				CLANG_WARN_QUOTED_INCLUDE_IN_FRAMEWORK_HEADER = YES;
				CLANG_WARN_RANGE_LOOP_ANALYSIS = YES;
				CLANG_WARN_STRICT_PROTOTYPES = YES;
				CLANG_WARN_SUSPICIOUS_MOVE = YES;
				CLANG_WARN_UNGUARDED_AVAILABILITY = YES_AGGRESSIVE;
				CLANG_WARN_UNREACHABLE_CODE = YES;
				CLANG_WARN__DUPLICATE_METHOD_MATCH = YES;
				COPY_PHASE_STRIP = NO;
				DEBUG_INFORMATION_FORMAT = "dwarf-with-dsym";
				ENABLE_NS_ASSERTIONS = NO;
				ENABLE_STRICT_OBJC_MSGSEND = YES;
				GCC_C_LANGUAGE_STANDARD = gnu11;
				GCC_NO_COMMON_BLOCKS = YES;
				GCC_WARN_64_TO_32_BIT_CONVERSION = YES;
				GCC_WARN_ABOUT_RETURN_TYPE = YES_ERROR;
				GCC_WARN_UNDECLARED_SELECTOR = YES;
				GCC_WARN_UNINITIALIZED_AUTOS = YES_AGGRESSIVE;
				GCC_WARN_UNUSED_FUNCTION = YES;
				GCC_WARN_UNUSED_VARIABLE = YES;
				IPHONEOS_DEPLOYMENT_TARGET = 14.2;
				MTL_ENABLE_DEBUG_INFO = NO;
				MTL_FAST_MATH = YES;
				SDKROOT = iphoneos;
				SWIFT_COMPILATION_MODE = wholemodule;
				SWIFT_OPTIMIZATION_LEVEL = "-O";
				VALIDATE_PRODUCT = YES;
			};
			name = Release;
		};
		C2FE74C525D6DAC0005B5998 /* Debug */ = {
			isa = XCBuildConfiguration;
			baseConfigurationReference = 65FD2CE938DA0A8244B162DB /* Pods-SSSwiftUISpinnerButtonDemo.debug.xcconfig */;
			buildSettings = {
				ASSETCATALOG_COMPILER_APPICON_NAME = AppIcon;
				ASSETCATALOG_COMPILER_GLOBAL_ACCENT_COLOR_NAME = AccentColor;
				CODE_SIGN_STYLE = Automatic;
				DEVELOPMENT_ASSET_PATHS = "\"SSSwiftUISpinnerButtonDemo/Preview Content\"";
				DEVELOPMENT_TEAM = UH3C932562;
				ENABLE_PREVIEWS = YES;
				INFOPLIST_FILE = SSSwiftUISpinnerButtonDemo/Info.plist;
				IPHONEOS_DEPLOYMENT_TARGET = 14.0;
				LD_RUNPATH_SEARCH_PATHS = (
					"$(inherited)",
					"@executable_path/Frameworks",
				);
				PRODUCT_BUNDLE_IDENTIFIER = com.simform.SSSwiftUISpinnerButton;
				PRODUCT_NAME = "$(TARGET_NAME)";
				SWIFT_VERSION = 5.0;
				TARGETED_DEVICE_FAMILY = "1,2";
			};
			name = Debug;
		};
		C2FE74C625D6DAC0005B5998 /* Release */ = {
			isa = XCBuildConfiguration;
			baseConfigurationReference = 739DFA407AD72206B563D10E /* Pods-SSSwiftUISpinnerButtonDemo.release.xcconfig */;
			buildSettings = {
				ASSETCATALOG_COMPILER_APPICON_NAME = AppIcon;
				ASSETCATALOG_COMPILER_GLOBAL_ACCENT_COLOR_NAME = AccentColor;
				CODE_SIGN_STYLE = Automatic;
				DEVELOPMENT_ASSET_PATHS = "\"SSSwiftUISpinnerButtonDemo/Preview Content\"";
				DEVELOPMENT_TEAM = UH3C932562;
				ENABLE_PREVIEWS = YES;
				INFOPLIST_FILE = SSSwiftUISpinnerButtonDemo/Info.plist;
				IPHONEOS_DEPLOYMENT_TARGET = 14.0;
				LD_RUNPATH_SEARCH_PATHS = (
					"$(inherited)",
					"@executable_path/Frameworks",
				);
				PRODUCT_BUNDLE_IDENTIFIER = com.simform.SSSwiftUISpinnerButton;
				PRODUCT_NAME = "$(TARGET_NAME)";
				SWIFT_VERSION = 5.0;
				TARGETED_DEVICE_FAMILY = "1,2";
			};
			name = Release;
		};
/* End XCBuildConfiguration section */

/* Begin XCConfigurationList section */
		C2FE74B025D6DABF005B5998 /* Build configuration list for PBXProject "SSSwiftUISpinnerButtonDemo" */ = {
			isa = XCConfigurationList;
			buildConfigurations = (
				C2FE74C225D6DAC0005B5998 /* Debug */,
				C2FE74C325D6DAC0005B5998 /* Release */,
			);
			defaultConfigurationIsVisible = 0;
			defaultConfigurationName = Release;
		};
		C2FE74C425D6DAC0005B5998 /* Build configuration list for PBXNativeTarget "SSSwiftUISpinnerButtonDemo" */ = {
			isa = XCConfigurationList;
			buildConfigurations = (
				C2FE74C525D6DAC0005B5998 /* Debug */,
				C2FE74C625D6DAC0005B5998 /* Release */,
			);
			defaultConfigurationIsVisible = 0;
			defaultConfigurationName = Release;
		};
/* End XCConfigurationList section */
	};
	rootObject = C2FE74AD25D6DABF005B5998 /* Project object */;
}
